
Microsoft Visual Studio Solution File, Format Version 12.00
# Visual Studio Version 17
VisualStudioVersion = 17.14.36616.10 d17.14
MinimumVisualStudioVersion = 10.0.40219.1
Project("{FAE04EC0-301F-11D3-BF4B-00C04F79EFBC}") = "MemoriaParalela", "MemoriaParalela.csproj", "{6649BE06-8CE0-48C3-B54A-CBB471CD98B8}"
EndProject
Global
	GlobalSection(SolutionConfigurationPlatforms) = preSolution
		Debug|Any CPU = Debug|Any CPU
		Release|Any CPU = Release|Any CPU
	EndGlobalSection
	GlobalSection(ProjectConfigurationPlatforms) = postSolution
		{6649BE06-8CE0-48C3-B54A-CBB471CD98B8}.Debug|Any CPU.ActiveCfg = Debug|Any CPU
		{6649BE06-8CE0-48C3-B54A-CBB471CD98B8}.Debug|Any CPU.Build.0 = Debug|Any CPU
		{6649BE06-8CE0-48C3-B54A-CBB471CD98B8}.Release|Any CPU.ActiveCfg = Release|Any CPU
		{6649BE06-8CE0-48C3-B54A-CBB471CD98B8}.Release|Any CPU.Build.0 = Release|Any CPU
	EndGlobalSection
	GlobalSection(SolutionProperties) = preSolution
		HideSolutionNode = FALSE
	EndGlobalSection
	GlobalSection(ExtensibilityGlobals) = postSolution
		SolutionGuid = {1AFD9EB3-DA96-4065-9A6F-1CBB61DB715D}
	EndGlobalSection
EndGlobal
