
Microsoft Visual Studio Solution File, Format Version 12.00
# Visual Studio Version 17
VisualStudioVersion = 17.13.35913.81
MinimumVisualStudioVersion = 10.0.40219.1
Project("{FAE04EC0-301F-11D3-BF4B-00C04F79EFBC}") = "ThreadsCarregamento", "ThreadsCarregamento.csproj", "{011EB333-6418-452A-9CFD-C9A59C02069D}"
EndProject
Global
	GlobalSection(SolutionConfigurationPlatforms) = preSolution
		Debug|Any CPU = Debug|Any CPU
		Release|Any CPU = Release|Any CPU
	EndGlobalSection
	GlobalSection(ProjectConfigurationPlatforms) = postSolution
		{011EB333-6418-452A-9CFD-C9A59C02069D}.Debug|Any CPU.ActiveCfg = Debug|Any CPU
		{011EB333-6418-452A-9CFD-C9A59C02069D}.Debug|Any CPU.Build.0 = Debug|Any CPU
		{011EB333-6418-452A-9CFD-C9A59C02069D}.Release|Any CPU.ActiveCfg = Release|Any CPU
		{011EB333-6418-452A-9CFD-C9A59C02069D}.Release|Any CPU.Build.0 = Release|Any CPU
	EndGlobalSection
	GlobalSection(SolutionProperties) = preSolution
		HideSolutionNode = FALSE
	EndGlobalSection
	GlobalSection(ExtensibilityGlobals) = postSolution
		SolutionGuid = {763F26B8-4FBC-4507-9AB2-361124060447}
	EndGlobalSection
EndGlobal
