
Microsoft Visual Studio Solution File, Format Version 12.00
# Visual Studio Version 17
VisualStudioVersion = 17.14.36616.10 d17.14
MinimumVisualStudioVersion = 10.0.40219.1
Project("{FAE04EC0-301F-11D3-BF4B-00C04F79EFBC}") = "VeiculosHerdeiros", "VeiculosHerdeiros.csproj", "{D85DA3D3-232F-424B-A265-33C9157D7C33}"
EndProject
Global
	GlobalSection(SolutionConfigurationPlatforms) = preSolution
		Debug|Any CPU = Debug|Any CPU
		Release|Any CPU = Release|Any CPU
	EndGlobalSection
	GlobalSection(ProjectConfigurationPlatforms) = postSolution
		{D85DA3D3-232F-424B-A265-33C9157D7C33}.Debug|Any CPU.ActiveCfg = Debug|Any CPU
		{D85DA3D3-232F-424B-A265-33C9157D7C33}.Debug|Any CPU.Build.0 = Debug|Any CPU
		{D85DA3D3-232F-424B-A265-33C9157D7C33}.Release|Any CPU.ActiveCfg = Release|Any CPU
		{D85DA3D3-232F-424B-A265-33C9157D7C33}.Release|Any CPU.Build.0 = Release|Any CPU
	EndGlobalSection
	GlobalSection(SolutionProperties) = preSolution
		HideSolutionNode = FALSE
	EndGlobalSection
	GlobalSection(ExtensibilityGlobals) = postSolution
		SolutionGuid = {FA8CDDDA-F591-4E07-AD2C-FE61B614549E}
	EndGlobalSection
EndGlobal
